
Microsoft Visual Studio Solution File, Format Version 12.00
# Visual Studio 15
VisualStudioVersion = 15.0.26124.0
MinimumVisualStudioVersion = 15.0.26124.0
Project("{FAE04EC0-301F-11D3-BF4B-00C04F79EFBC}") = "Sales", "Sales\Sales.csproj", "{018A96A1-C587-43C6-BB9C-12AB654F6CC6}"
EndProject
Project("{FAE04EC0-301F-11D3-BF4B-00C04F79EFBC}") = "Sales.Contracts", "Sales.Contracts\Sales.Contracts.csproj", "{FBC583E2-8BA8-4DD2-B9D4-BC76D13C347D}"
EndProject
Project("{FAE04EC0-301F-11D3-BF4B-00C04F79EFBC}") = "Sales.Tests", "Sales.Tests\Sales.Tests.csproj", "{FDCEB20D-64A6-426E-9E5B-9FB8AC88B975}"
EndProject
Project("{FAE04EC0-301F-11D3-BF4B-00C04F79EFBC}") = "Shipping", "Shipping\Shipping.csproj", "{18E2D615-2585-48C5-82A5-93CC798C54B8}"
EndProject
Project("{FAE04EC0-301F-11D3-BF4B-00C04F79EFBC}") = "Shipping.Contracts", "Shipping.Contracts\Shipping.Contracts.csproj", "{BAA655B9-BE4B-40E5-9A19-D8BEDFBDA31E}"
EndProject
Project("{FAE04EC0-301F-11D3-BF4B-00C04F79EFBC}") = "Shipping.Tests", "Shipping.Tests\Shipping.Tests.csproj", "{F61CB79C-4B4B-4D89-8047-C91C9EA7AEE1}"
EndProject
Project("{2150E333-8FDC-42A3-9474-1A3956D46DE8}") = "Sales", "Sales", "{7D57F573-B99C-45B1-A5C3-5710F7E4083B}"
EndProject
Project("{2150E333-8FDC-42A3-9474-1A3956D46DE8}") = "Shipping", "Shipping", "{197792D6-E8EE-43E3-9330-6A15A518487E}"
EndProject
Project("{FAE04EC0-301F-11D3-BF4B-00C04F79EFBC}") = "Worker", "Worker\Worker.csproj", "{D1542A48-599D-46EA-A35D-24FE47649416}"
EndProject
Project("{FAE04EC0-301F-11D3-BF4B-00C04F79EFBC}") = "AspNetCore", "AspNetCore\AspNetCore.csproj", "{4986376E-4D3C-4751-99FE-176F61A0BAA2}"
EndProject
Project("{FAE04EC0-301F-11D3-BF4B-00C04F79EFBC}") = "Billing", "Billing\Billing.csproj", "{B179C1F1-86CB-4796-AE31-95EB314BA094}"
EndProject
Project("{2150E333-8FDC-42A3-9474-1A3956D46DE8}") = "Billing", "Billing", "{3A2E2769-EAF7-473B-9F32-2578709B911D}"
EndProject
Project("{FAE04EC0-301F-11D3-BF4B-00C04F79EFBC}") = "Billing.Contracts", "Billing.Contracts\Billing.Contracts.csproj", "{77DCE1A7-64F0-49D8-9AC0-7DE397EF81D0}"
EndProject
Global
	GlobalSection(SolutionConfigurationPlatforms) = preSolution
		Debug|Any CPU = Debug|Any CPU
		Debug|x64 = Debug|x64
		Debug|x86 = Debug|x86
		Release|Any CPU = Release|Any CPU
		Release|x64 = Release|x64
		Release|x86 = Release|x86
	EndGlobalSection
	GlobalSection(SolutionProperties) = preSolution
		HideSolutionNode = FALSE
	EndGlobalSection
	GlobalSection(ProjectConfigurationPlatforms) = postSolution
		{018A96A1-C587-43C6-BB9C-12AB654F6CC6}.Debug|Any CPU.ActiveCfg = Debug|Any CPU
		{018A96A1-C587-43C6-BB9C-12AB654F6CC6}.Debug|Any CPU.Build.0 = Debug|Any CPU
		{018A96A1-C587-43C6-BB9C-12AB654F6CC6}.Debug|x64.ActiveCfg = Debug|Any CPU
		{018A96A1-C587-43C6-BB9C-12AB654F6CC6}.Debug|x64.Build.0 = Debug|Any CPU
		{018A96A1-C587-43C6-BB9C-12AB654F6CC6}.Debug|x86.ActiveCfg = Debug|Any CPU
		{018A96A1-C587-43C6-BB9C-12AB654F6CC6}.Debug|x86.Build.0 = Debug|Any CPU
		{018A96A1-C587-43C6-BB9C-12AB654F6CC6}.Release|Any CPU.ActiveCfg = Release|Any CPU
		{018A96A1-C587-43C6-BB9C-12AB654F6CC6}.Release|Any CPU.Build.0 = Release|Any CPU
		{018A96A1-C587-43C6-BB9C-12AB654F6CC6}.Release|x64.ActiveCfg = Release|Any CPU
		{018A96A1-C587-43C6-BB9C-12AB654F6CC6}.Release|x64.Build.0 = Release|Any CPU
		{018A96A1-C587-43C6-BB9C-12AB654F6CC6}.Release|x86.ActiveCfg = Release|Any CPU
		{018A96A1-C587-43C6-BB9C-12AB654F6CC6}.Release|x86.Build.0 = Release|Any CPU
		{FBC583E2-8BA8-4DD2-B9D4-BC76D13C347D}.Debug|Any CPU.ActiveCfg = Debug|Any CPU
		{FBC583E2-8BA8-4DD2-B9D4-BC76D13C347D}.Debug|Any CPU.Build.0 = Debug|Any CPU
		{FBC583E2-8BA8-4DD2-B9D4-BC76D13C347D}.Debug|x64.ActiveCfg = Debug|Any CPU
		{FBC583E2-8BA8-4DD2-B9D4-BC76D13C347D}.Debug|x64.Build.0 = Debug|Any CPU
		{FBC583E2-8BA8-4DD2-B9D4-BC76D13C347D}.Debug|x86.ActiveCfg = Debug|Any CPU
		{FBC583E2-8BA8-4DD2-B9D4-BC76D13C347D}.Debug|x86.Build.0 = Debug|Any CPU
		{FBC583E2-8BA8-4DD2-B9D4-BC76D13C347D}.Release|Any CPU.ActiveCfg = Release|Any CPU
		{FBC583E2-8BA8-4DD2-B9D4-BC76D13C347D}.Release|Any CPU.Build.0 = Release|Any CPU
		{FBC583E2-8BA8-4DD2-B9D4-BC76D13C347D}.Release|x64.ActiveCfg = Release|Any CPU
		{FBC583E2-8BA8-4DD2-B9D4-BC76D13C347D}.Release|x64.Build.0 = Release|Any CPU
		{FBC583E2-8BA8-4DD2-B9D4-BC76D13C347D}.Release|x86.ActiveCfg = Release|Any CPU
		{FBC583E2-8BA8-4DD2-B9D4-BC76D13C347D}.Release|x86.Build.0 = Release|Any CPU
		{FDCEB20D-64A6-426E-9E5B-9FB8AC88B975}.Debug|Any CPU.ActiveCfg = Debug|Any CPU
		{FDCEB20D-64A6-426E-9E5B-9FB8AC88B975}.Debug|Any CPU.Build.0 = Debug|Any CPU
		{FDCEB20D-64A6-426E-9E5B-9FB8AC88B975}.Debug|x64.ActiveCfg = Debug|Any CPU
		{FDCEB20D-64A6-426E-9E5B-9FB8AC88B975}.Debug|x64.Build.0 = Debug|Any CPU
		{FDCEB20D-64A6-426E-9E5B-9FB8AC88B975}.Debug|x86.ActiveCfg = Debug|Any CPU
		{FDCEB20D-64A6-426E-9E5B-9FB8AC88B975}.Debug|x86.Build.0 = Debug|Any CPU
		{FDCEB20D-64A6-426E-9E5B-9FB8AC88B975}.Release|Any CPU.ActiveCfg = Release|Any CPU
		{FDCEB20D-64A6-426E-9E5B-9FB8AC88B975}.Release|Any CPU.Build.0 = Release|Any CPU
		{FDCEB20D-64A6-426E-9E5B-9FB8AC88B975}.Release|x64.ActiveCfg = Release|Any CPU
		{FDCEB20D-64A6-426E-9E5B-9FB8AC88B975}.Release|x64.Build.0 = Release|Any CPU
		{FDCEB20D-64A6-426E-9E5B-9FB8AC88B975}.Release|x86.ActiveCfg = Release|Any CPU
		{FDCEB20D-64A6-426E-9E5B-9FB8AC88B975}.Release|x86.Build.0 = Release|Any CPU
		{18E2D615-2585-48C5-82A5-93CC798C54B8}.Debug|Any CPU.ActiveCfg = Debug|Any CPU
		{18E2D615-2585-48C5-82A5-93CC798C54B8}.Debug|Any CPU.Build.0 = Debug|Any CPU
		{18E2D615-2585-48C5-82A5-93CC798C54B8}.Debug|x64.ActiveCfg = Debug|Any CPU
		{18E2D615-2585-48C5-82A5-93CC798C54B8}.Debug|x64.Build.0 = Debug|Any CPU
		{18E2D615-2585-48C5-82A5-93CC798C54B8}.Debug|x86.ActiveCfg = Debug|Any CPU
		{18E2D615-2585-48C5-82A5-93CC798C54B8}.Debug|x86.Build.0 = Debug|Any CPU
		{18E2D615-2585-48C5-82A5-93CC798C54B8}.Release|Any CPU.ActiveCfg = Release|Any CPU
		{18E2D615-2585-48C5-82A5-93CC798C54B8}.Release|Any CPU.Build.0 = Release|Any CPU
		{18E2D615-2585-48C5-82A5-93CC798C54B8}.Release|x64.ActiveCfg = Release|Any CPU
		{18E2D615-2585-48C5-82A5-93CC798C54B8}.Release|x64.Build.0 = Release|Any CPU
		{18E2D615-2585-48C5-82A5-93CC798C54B8}.Release|x86.ActiveCfg = Release|Any CPU
		{18E2D615-2585-48C5-82A5-93CC798C54B8}.Release|x86.Build.0 = Release|Any CPU
		{BAA655B9-BE4B-40E5-9A19-D8BEDFBDA31E}.Debug|Any CPU.ActiveCfg = Debug|Any CPU
		{BAA655B9-BE4B-40E5-9A19-D8BEDFBDA31E}.Debug|Any CPU.Build.0 = Debug|Any CPU
		{BAA655B9-BE4B-40E5-9A19-D8BEDFBDA31E}.Debug|x64.ActiveCfg = Debug|Any CPU
		{BAA655B9-BE4B-40E5-9A19-D8BEDFBDA31E}.Debug|x64.Build.0 = Debug|Any CPU
		{BAA655B9-BE4B-40E5-9A19-D8BEDFBDA31E}.Debug|x86.ActiveCfg = Debug|Any CPU
		{BAA655B9-BE4B-40E5-9A19-D8BEDFBDA31E}.Debug|x86.Build.0 = Debug|Any CPU
		{BAA655B9-BE4B-40E5-9A19-D8BEDFBDA31E}.Release|Any CPU.ActiveCfg = Release|Any CPU
		{BAA655B9-BE4B-40E5-9A19-D8BEDFBDA31E}.Release|Any CPU.Build.0 = Release|Any CPU
		{BAA655B9-BE4B-40E5-9A19-D8BEDFBDA31E}.Release|x64.ActiveCfg = Release|Any CPU
		{BAA655B9-BE4B-40E5-9A19-D8BEDFBDA31E}.Release|x64.Build.0 = Release|Any CPU
		{BAA655B9-BE4B-40E5-9A19-D8BEDFBDA31E}.Release|x86.ActiveCfg = Release|Any CPU
		{BAA655B9-BE4B-40E5-9A19-D8BEDFBDA31E}.Release|x86.Build.0 = Release|Any CPU
		{F61CB79C-4B4B-4D89-8047-C91C9EA7AEE1}.Debug|Any CPU.ActiveCfg = Debug|Any CPU
		{F61CB79C-4B4B-4D89-8047-C91C9EA7AEE1}.Debug|Any CPU.Build.0 = Debug|Any CPU
		{F61CB79C-4B4B-4D89-8047-C91C9EA7AEE1}.Debug|x64.ActiveCfg = Debug|Any CPU
		{F61CB79C-4B4B-4D89-8047-C91C9EA7AEE1}.Debug|x64.Build.0 = Debug|Any CPU
		{F61CB79C-4B4B-4D89-8047-C91C9EA7AEE1}.Debug|x86.ActiveCfg = Debug|Any CPU
		{F61CB79C-4B4B-4D89-8047-C91C9EA7AEE1}.Debug|x86.Build.0 = Debug|Any CPU
		{F61CB79C-4B4B-4D89-8047-C91C9EA7AEE1}.Release|Any CPU.ActiveCfg = Release|Any CPU
		{F61CB79C-4B4B-4D89-8047-C91C9EA7AEE1}.Release|Any CPU.Build.0 = Release|Any CPU
		{F61CB79C-4B4B-4D89-8047-C91C9EA7AEE1}.Release|x64.ActiveCfg = Release|Any CPU
		{F61CB79C-4B4B-4D89-8047-C91C9EA7AEE1}.Release|x64.Build.0 = Release|Any CPU
		{F61CB79C-4B4B-4D89-8047-C91C9EA7AEE1}.Release|x86.ActiveCfg = Release|Any CPU
		{F61CB79C-4B4B-4D89-8047-C91C9EA7AEE1}.Release|x86.Build.0 = Release|Any CPU
		{D1542A48-599D-46EA-A35D-24FE47649416}.Debug|Any CPU.ActiveCfg = Debug|Any CPU
		{D1542A48-599D-46EA-A35D-24FE47649416}.Debug|Any CPU.Build.0 = Debug|Any CPU
		{D1542A48-599D-46EA-A35D-24FE47649416}.Debug|x64.ActiveCfg = Debug|Any CPU
		{D1542A48-599D-46EA-A35D-24FE47649416}.Debug|x64.Build.0 = Debug|Any CPU
		{D1542A48-599D-46EA-A35D-24FE47649416}.Debug|x86.ActiveCfg = Debug|Any CPU
		{D1542A48-599D-46EA-A35D-24FE47649416}.Debug|x86.Build.0 = Debug|Any CPU
		{D1542A48-599D-46EA-A35D-24FE47649416}.Release|Any CPU.ActiveCfg = Release|Any CPU
		{D1542A48-599D-46EA-A35D-24FE47649416}.Release|Any CPU.Build.0 = Release|Any CPU
		{D1542A48-599D-46EA-A35D-24FE47649416}.Release|x64.ActiveCfg = Release|Any CPU
		{D1542A48-599D-46EA-A35D-24FE47649416}.Release|x64.Build.0 = Release|Any CPU
		{D1542A48-599D-46EA-A35D-24FE47649416}.Release|x86.ActiveCfg = Release|Any CPU
		{D1542A48-599D-46EA-A35D-24FE47649416}.Release|x86.Build.0 = Release|Any CPU
		{4986376E-4D3C-4751-99FE-176F61A0BAA2}.Debug|Any CPU.ActiveCfg = Debug|Any CPU
		{4986376E-4D3C-4751-99FE-176F61A0BAA2}.Debug|Any CPU.Build.0 = Debug|Any CPU
		{4986376E-4D3C-4751-99FE-176F61A0BAA2}.Debug|x64.ActiveCfg = Debug|Any CPU
		{4986376E-4D3C-4751-99FE-176F61A0BAA2}.Debug|x64.Build.0 = Debug|Any CPU
		{4986376E-4D3C-4751-99FE-176F61A0BAA2}.Debug|x86.ActiveCfg = Debug|Any CPU
		{4986376E-4D3C-4751-99FE-176F61A0BAA2}.Debug|x86.Build.0 = Debug|Any CPU
		{4986376E-4D3C-4751-99FE-176F61A0BAA2}.Release|Any CPU.ActiveCfg = Release|Any CPU
		{4986376E-4D3C-4751-99FE-176F61A0BAA2}.Release|Any CPU.Build.0 = Release|Any CPU
		{4986376E-4D3C-4751-99FE-176F61A0BAA2}.Release|x64.ActiveCfg = Release|Any CPU
		{4986376E-4D3C-4751-99FE-176F61A0BAA2}.Release|x64.Build.0 = Release|Any CPU
		{4986376E-4D3C-4751-99FE-176F61A0BAA2}.Release|x86.ActiveCfg = Release|Any CPU
		{4986376E-4D3C-4751-99FE-176F61A0BAA2}.Release|x86.Build.0 = Release|Any CPU
		{B179C1F1-86CB-4796-AE31-95EB314BA094}.Debug|Any CPU.ActiveCfg = Debug|Any CPU
		{B179C1F1-86CB-4796-AE31-95EB314BA094}.Debug|Any CPU.Build.0 = Debug|Any CPU
		{B179C1F1-86CB-4796-AE31-95EB314BA094}.Debug|x64.ActiveCfg = Debug|Any CPU
		{B179C1F1-86CB-4796-AE31-95EB314BA094}.Debug|x64.Build.0 = Debug|Any CPU
		{B179C1F1-86CB-4796-AE31-95EB314BA094}.Debug|x86.ActiveCfg = Debug|Any CPU
		{B179C1F1-86CB-4796-AE31-95EB314BA094}.Debug|x86.Build.0 = Debug|Any CPU
		{B179C1F1-86CB-4796-AE31-95EB314BA094}.Release|Any CPU.ActiveCfg = Release|Any CPU
		{B179C1F1-86CB-4796-AE31-95EB314BA094}.Release|Any CPU.Build.0 = Release|Any CPU
		{B179C1F1-86CB-4796-AE31-95EB314BA094}.Release|x64.ActiveCfg = Release|Any CPU
		{B179C1F1-86CB-4796-AE31-95EB314BA094}.Release|x64.Build.0 = Release|Any CPU
		{B179C1F1-86CB-4796-AE31-95EB314BA094}.Release|x86.ActiveCfg = Release|Any CPU
		{B179C1F1-86CB-4796-AE31-95EB314BA094}.Release|x86.Build.0 = Release|Any CPU
		{77DCE1A7-64F0-49D8-9AC0-7DE397EF81D0}.Debug|Any CPU.ActiveCfg = Debug|Any CPU
		{77DCE1A7-64F0-49D8-9AC0-7DE397EF81D0}.Debug|Any CPU.Build.0 = Debug|Any CPU
		{77DCE1A7-64F0-49D8-9AC0-7DE397EF81D0}.Debug|x64.ActiveCfg = Debug|Any CPU
		{77DCE1A7-64F0-49D8-9AC0-7DE397EF81D0}.Debug|x64.Build.0 = Debug|Any CPU
		{77DCE1A7-64F0-49D8-9AC0-7DE397EF81D0}.Debug|x86.ActiveCfg = Debug|Any CPU
		{77DCE1A7-64F0-49D8-9AC0-7DE397EF81D0}.Debug|x86.Build.0 = Debug|Any CPU
		{77DCE1A7-64F0-49D8-9AC0-7DE397EF81D0}.Release|Any CPU.ActiveCfg = Release|Any CPU
		{77DCE1A7-64F0-49D8-9AC0-7DE397EF81D0}.Release|Any CPU.Build.0 = Release|Any CPU
		{77DCE1A7-64F0-49D8-9AC0-7DE397EF81D0}.Release|x64.ActiveCfg = Release|Any CPU
		{77DCE1A7-64F0-49D8-9AC0-7DE397EF81D0}.Release|x64.Build.0 = Release|Any CPU
		{77DCE1A7-64F0-49D8-9AC0-7DE397EF81D0}.Release|x86.ActiveCfg = Release|Any CPU
		{77DCE1A7-64F0-49D8-9AC0-7DE397EF81D0}.Release|x86.Build.0 = Release|Any CPU
	EndGlobalSection
	GlobalSection(NestedProjects) = preSolution
		{018A96A1-C587-43C6-BB9C-12AB654F6CC6} = {7D57F573-B99C-45B1-A5C3-5710F7E4083B}
		{FBC583E2-8BA8-4DD2-B9D4-BC76D13C347D} = {7D57F573-B99C-45B1-A5C3-5710F7E4083B}
		{FDCEB20D-64A6-426E-9E5B-9FB8AC88B975} = {7D57F573-B99C-45B1-A5C3-5710F7E4083B}
		{18E2D615-2585-48C5-82A5-93CC798C54B8} = {197792D6-E8EE-43E3-9330-6A15A518487E}
		{BAA655B9-BE4B-40E5-9A19-D8BEDFBDA31E} = {197792D6-E8EE-43E3-9330-6A15A518487E}
		{F61CB79C-4B4B-4D89-8047-C91C9EA7AEE1} = {197792D6-E8EE-43E3-9330-6A15A518487E}
		{B179C1F1-86CB-4796-AE31-95EB314BA094} = {3A2E2769-EAF7-473B-9F32-2578709B911D}
		{77DCE1A7-64F0-49D8-9AC0-7DE397EF81D0} = {3A2E2769-EAF7-473B-9F32-2578709B911D}
	EndGlobalSection
EndGlobal
